
Microsoft Visual Studio Solution File, Format Version 12.00
# Visual Studio 15
Project("{FAE04EC0-301F-11D3-BF4B-00C04F79EFBC}") = "Assembly-CSharp", "Assembly-CSharp.csproj", "{EABF51BA-45C9-9742-92DD-9801491FB23F}"
EndProject
Global
	GlobalSection(SolutionConfigurationPlatforms) = preSolution
		Debug|Any CPU = Debug|Any CPU
		Release|Any CPU = Release|Any CPU
	EndGlobalSection
	GlobalSection(ProjectConfigurationPlatforms) = postSolution
		{EABF51BA-45C9-9742-92DD-9801491FB23F}.Debug|Any CPU.ActiveCfg = Debug|Any CPU
		{EABF51BA-45C9-9742-92DD-9801491FB23F}.Debug|Any CPU.Build.0 = Debug|Any CPU
		{EABF51BA-45C9-9742-92DD-9801491FB23F}.Release|Any CPU.ActiveCfg = Release|Any CPU
		{EABF51BA-45C9-9742-92DD-9801491FB23F}.Release|Any CPU.Build.0 = Release|Any CPU
	EndGlobalSection
	GlobalSection(SolutionProperties) = preSolution
		HideSolutionNode = FALSE
	EndGlobalSection
EndGlobal
